// !$*UTF8*$!
{
	archiveVersion = 1;
	classes = {
	};
	objectVersion = 55;
	objects = {

/* Begin PBXBuildFile section */
		FB1EEEE827AA864400D8C31D /* DailyCheckinApp.swift in Sources */ = {isa = PBXBuildFile; fileRef = FB1EEEE727AA864400D8C31D /* DailyCheckinApp.swift */; };
		FB1EEEEA27AA864400D8C31D /* ContentView.swift in Sources */ = {isa = PBXBuildFile; fileRef = FB1EEEE927AA864400D8C31D /* ContentView.swift */; };
		FB1EEEEC27AA864600D8C31D /* Assets.xcassets in Resources */ = {isa = PBXBuildFile; fileRef = FB1EEEEB27AA864600D8C31D /* Assets.xcassets */; };
		FB1EEEEF27AA864600D8C31D /* Preview Assets.xcassets in Resources */ = {isa = PBXBuildFile; fileRef = FB1EEEEE27AA864600D8C31D /* Preview Assets.xcassets */; };
		FB63196327AB9F87005A670B /* SwiftSoup in Frameworks */ = {isa = PBXBuildFile; productRef = FB63196227AB9F87005A670B /* SwiftSoup */; };
		FB63196527AB9FB7005A670B /* DevelopmentDay.swift in Sources */ = {isa = PBXBuildFile; fileRef = FB63196427AB9FB7005A670B /* DevelopmentDay.swift */; };
		FB63196727ABA010005A670B /* ContributionGraphView.swift in Sources */ = {isa = PBXBuildFile; fileRef = FB63196627ABA010005A670B /* ContributionGraphView.swift */; };
		FB63196B27ABA4A9005A670B /* DateService.swift in Sources */ = {isa = PBXBuildFile; fileRef = FB63196A27ABA4A9005A670B /* DateService.swift */; };
		FB63196D27ABA502005A670B /* GitHubParser.swift in Sources */ = {isa = PBXBuildFile; fileRef = FB63196C27ABA502005A670B /* GitHubParser.swift */; };
		FB63197527ABBF6B005A670B /* WidgetKit.framework in Frameworks */ = {isa = PBXBuildFile; fileRef = FB63197427ABBF6B005A670B /* WidgetKit.framework */; };
		FB63197727ABBF6B005A670B /* SwiftUI.framework in Frameworks */ = {isa = PBXBuildFile; fileRef = FB63197627ABBF6B005A670B /* SwiftUI.framework */; };
		FB63197A27ABBF6B005A670B /* Checkin_Widget.swift in Sources */ = {isa = PBXBuildFile; fileRef = FB63197927ABBF6B005A670B /* Checkin_Widget.swift */; };
		FB63197D27ABBF6B005A670B /* Assets.xcassets in Resources */ = {isa = PBXBuildFile; fileRef = FB63197C27ABBF6B005A670B /* Assets.xcassets */; };
		FB63197F27ABBF6B005A670B /* Checkin_Widget.intentdefinition in Sources */ = {isa = PBXBuildFile; fileRef = FB63197B27ABBF6B005A670B /* Checkin_Widget.intentdefinition */; };
		FB63198027ABBF6B005A670B /* Checkin_Widget.intentdefinition in Sources */ = {isa = PBXBuildFile; fileRef = FB63197B27ABBF6B005A670B /* Checkin_Widget.intentdefinition */; };
		FB63198327ABBF6B005A670B /* Checkin WidgetExtension.appex in Embed App Extensions */ = {isa = PBXBuildFile; fileRef = FB63197227ABBF6B005A670B /* Checkin WidgetExtension.appex */; settings = {ATTRIBUTES = (RemoveHeadersOnCopy, ); }; };
		FB63198827ABBFB5005A670B /* GitHubParser.swift in Sources */ = {isa = PBXBuildFile; fileRef = FB63196C27ABA502005A670B /* GitHubParser.swift */; };
		FB63198927ABBFBD005A670B /* DateService.swift in Sources */ = {isa = PBXBuildFile; fileRef = FB63196A27ABA4A9005A670B /* DateService.swift */; };
		FB63198A27ABBFC1005A670B /* DevelopmentDay.swift in Sources */ = {isa = PBXBuildFile; fileRef = FB63196427AB9FB7005A670B /* DevelopmentDay.swift */; };
		FB63198B27ABBFCB005A670B /* ContributionGraphView.swift in Sources */ = {isa = PBXBuildFile; fileRef = FB63196627ABA010005A670B /* ContributionGraphView.swift */; };
		FB63198D27ABC0D3005A670B /* SwiftSoup in Frameworks */ = {isa = PBXBuildFile; productRef = FB63198C27ABC0D3005A670B /* SwiftSoup */; };
/* End PBXBuildFile section */

/* Begin PBXContainerItemProxy section */
		FB63198127ABBF6B005A670B /* PBXContainerItemProxy */ = {
			isa = PBXContainerItemProxy;
			containerPortal = FB1EEEDC27AA864400D8C31D /* Project object */;
			proxyType = 1;
			remoteGlobalIDString = FB63197127ABBF6B005A670B;
			remoteInfo = "Checkin WidgetExtension";
		};
/* End PBXContainerItemProxy section */

/* Begin PBXCopyFilesBuildPhase section */
		FB63198727ABBF6B005A670B /* Embed App Extensions */ = {
			isa = PBXCopyFilesBuildPhase;
			buildActionMask = 2147483647;
			dstPath = "";
			dstSubfolderSpec = 13;
			files = (
				FB63198327ABBF6B005A670B /* Checkin WidgetExtension.appex in Embed App Extensions */,
			);
			name = "Embed App Extensions";
			runOnlyForDeploymentPostprocessing = 0;
		};
/* End PBXCopyFilesBuildPhase section */

/* Begin PBXFileReference section */
		FB1EEEE427AA864400D8C31D /* GitHubWidget.app */ = {isa = PBXFileReference; explicitFileType = wrapper.application; includeInIndex = 0; path = GitHubWidget.app; sourceTree = BUILT_PRODUCTS_DIR; };
		FB1EEEE727AA864400D8C31D /* DailyCheckinApp.swift */ = {isa = PBXFileReference; lastKnownFileType = sourcecode.swift; path = DailyCheckinApp.swift; sourceTree = "<group>"; };
		FB1EEEE927AA864400D8C31D /* ContentView.swift */ = {isa = PBXFileReference; lastKnownFileType = sourcecode.swift; path = ContentView.swift; sourceTree = "<group>"; };
		FB1EEEEB27AA864600D8C31D /* Assets.xcassets */ = {isa = PBXFileReference; lastKnownFileType = folder.assetcatalog; path = Assets.xcassets; sourceTree = "<group>"; };
		FB1EEEEE27AA864600D8C31D /* Preview Assets.xcassets */ = {isa = PBXFileReference; lastKnownFileType = folder.assetcatalog; path = "Preview Assets.xcassets"; sourceTree = "<group>"; };
		FB63196427AB9FB7005A670B /* DevelopmentDay.swift */ = {isa = PBXFileReference; lastKnownFileType = sourcecode.swift; path = DevelopmentDay.swift; sourceTree = "<group>"; };
		FB63196627ABA010005A670B /* ContributionGraphView.swift */ = {isa = PBXFileReference; lastKnownFileType = sourcecode.swift; path = ContributionGraphView.swift; sourceTree = "<group>"; };
		FB63196A27ABA4A9005A670B /* DateService.swift */ = {isa = PBXFileReference; lastKnownFileType = sourcecode.swift; path = DateService.swift; sourceTree = "<group>"; };
		FB63196C27ABA502005A670B /* GitHubParser.swift */ = {isa = PBXFileReference; lastKnownFileType = sourcecode.swift; path = GitHubParser.swift; sourceTree = "<group>"; };
		FB63197227ABBF6B005A670B /* Checkin WidgetExtension.appex */ = {isa = PBXFileReference; explicitFileType = "wrapper.app-extension"; includeInIndex = 0; path = "Checkin WidgetExtension.appex"; sourceTree = BUILT_PRODUCTS_DIR; };
		FB63197427ABBF6B005A670B /* WidgetKit.framework */ = {isa = PBXFileReference; lastKnownFileType = wrapper.framework; name = WidgetKit.framework; path = System/Library/Frameworks/WidgetKit.framework; sourceTree = SDKROOT; };
		FB63197627ABBF6B005A670B /* SwiftUI.framework */ = {isa = PBXFileReference; lastKnownFileType = wrapper.framework; name = SwiftUI.framework; path = System/Library/Frameworks/SwiftUI.framework; sourceTree = SDKROOT; };
		FB63197927ABBF6B005A670B /* Checkin_Widget.swift */ = {isa = PBXFileReference; lastKnownFileType = sourcecode.swift; path = Checkin_Widget.swift; sourceTree = "<group>"; };
		FB63197B27ABBF6B005A670B /* Checkin_Widget.intentdefinition */ = {isa = PBXFileReference; lastKnownFileType = file.intentdefinition; path = Checkin_Widget.intentdefinition; sourceTree = "<group>"; };
		FB63197C27ABBF6B005A670B /* Assets.xcassets */ = {isa = PBXFileReference; lastKnownFileType = folder.assetcatalog; path = Assets.xcassets; sourceTree = "<group>"; };
		FB63197E27ABBF6B005A670B /* Info.plist */ = {isa = PBXFileReference; lastKnownFileType = text.plist.xml; path = Info.plist; sourceTree = "<group>"; };
/* End PBXFileReference section */

/* Begin PBXFrameworksBuildPhase section */
		FB1EEEE127AA864400D8C31D /* Frameworks */ = {
			isa = PBXFrameworksBuildPhase;
			buildActionMask = 2147483647;
			files = (
				FB63196327AB9F87005A670B /* SwiftSoup in Frameworks */,
			);
			runOnlyForDeploymentPostprocessing = 0;
		};
		FB63196F27ABBF6B005A670B /* Frameworks */ = {
			isa = PBXFrameworksBuildPhase;
			buildActionMask = 2147483647;
			files = (
				FB63197727ABBF6B005A670B /* SwiftUI.framework in Frameworks */,
				FB63197527ABBF6B005A670B /* WidgetKit.framework in Frameworks */,
				FB63198D27ABC0D3005A670B /* SwiftSoup in Frameworks */,
			);
			runOnlyForDeploymentPostprocessing = 0;
		};
/* End PBXFrameworksBuildPhase section */

/* Begin PBXGroup section */
		FB1EEEDB27AA864400D8C31D = {
			isa = PBXGroup;
			children = (
				FB1EEEE627AA864400D8C31D /* DailyCheckin */,
				FB63197827ABBF6B005A670B /* Checkin Widget */,
				FB63197327ABBF6B005A670B /* Frameworks */,
				FB1EEEE527AA864400D8C31D /* Products */,
			);
			sourceTree = "<group>";
		};
		FB1EEEE527AA864400D8C31D /* Products */ = {
			isa = PBXGroup;
			children = (
				FB1EEEE427AA864400D8C31D /* GitHubWidget.app */,
				FB63197227ABBF6B005A670B /* Checkin WidgetExtension.appex */,
			);
			name = Products;
			sourceTree = "<group>";
		};
		FB1EEEE627AA864400D8C31D /* DailyCheckin */ = {
			isa = PBXGroup;
			children = (
				FB1EEEE727AA864400D8C31D /* DailyCheckinApp.swift */,
				FB1EEEE927AA864400D8C31D /* ContentView.swift */,
				FB63196627ABA010005A670B /* ContributionGraphView.swift */,
				FB63196427AB9FB7005A670B /* DevelopmentDay.swift */,
				FB63196A27ABA4A9005A670B /* DateService.swift */,
				FB63196C27ABA502005A670B /* GitHubParser.swift */,
				FB1EEEEB27AA864600D8C31D /* Assets.xcassets */,
				FB1EEEED27AA864600D8C31D /* Preview Content */,
			);
			path = DailyCheckin;
			sourceTree = "<group>";
		};
		FB1EEEED27AA864600D8C31D /* Preview Content */ = {
			isa = PBXGroup;
			children = (
				FB1EEEEE27AA864600D8C31D /* Preview Assets.xcassets */,
			);
			path = "Preview Content";
			sourceTree = "<group>";
		};
		FB63197327ABBF6B005A670B /* Frameworks */ = {
			isa = PBXGroup;
			children = (
				FB63197427ABBF6B005A670B /* WidgetKit.framework */,
				FB63197627ABBF6B005A670B /* SwiftUI.framework */,
			);
			name = Frameworks;
			sourceTree = "<group>";
		};
		FB63197827ABBF6B005A670B /* Checkin Widget */ = {
			isa = PBXGroup;
			children = (
				FB63197927ABBF6B005A670B /* Checkin_Widget.swift */,
				FB63197B27ABBF6B005A670B /* Checkin_Widget.intentdefinition */,
				FB63197C27ABBF6B005A670B /* Assets.xcassets */,
				FB63197E27ABBF6B005A670B /* Info.plist */,
			);
			path = "Checkin Widget";
			sourceTree = "<group>";
		};
/* End PBXGroup section */

/* Begin PBXNativeTarget section */
		FB1EEEE327AA864400D8C31D /* GitHubWidget */ = {
			isa = PBXNativeTarget;
			buildConfigurationList = FB1EEEF227AA864600D8C31D /* Build configuration list for PBXNativeTarget "GitHubWidget" */;
			buildPhases = (
				FB1EEEE027AA864400D8C31D /* Sources */,
				FB1EEEE127AA864400D8C31D /* Frameworks */,
				FB1EEEE227AA864400D8C31D /* Resources */,
				FB63198727ABBF6B005A670B /* Embed App Extensions */,
			);
			buildRules = (
			);
			dependencies = (
				FB63198227ABBF6B005A670B /* PBXTargetDependency */,
			);
			name = GitHubWidget;
			packageProductDependencies = (
				FB63196227AB9F87005A670B /* SwiftSoup */,
			);
			productName = DailyCheckin;
			productReference = FB1EEEE427AA864400D8C31D /* GitHubWidget.app */;
			productType = "com.apple.product-type.application";
		};
		FB63197127ABBF6B005A670B /* Checkin WidgetExtension */ = {
			isa = PBXNativeTarget;
			buildConfigurationList = FB63198427ABBF6B005A670B /* Build configuration list for PBXNativeTarget "Checkin WidgetExtension" */;
			buildPhases = (
				FB63196E27ABBF6B005A670B /* Sources */,
				FB63196F27ABBF6B005A670B /* Frameworks */,
				FB63197027ABBF6B005A670B /* Resources */,
			);
			buildRules = (
			);
			dependencies = (
			);
			name = "Checkin WidgetExtension";
			packageProductDependencies = (
				FB63198C27ABC0D3005A670B /* SwiftSoup */,
			);
			productName = "Checkin WidgetExtension";
			productReference = FB63197227ABBF6B005A670B /* Checkin WidgetExtension.appex */;
			productType = "com.apple.product-type.app-extension";
		};
/* End PBXNativeTarget section */

/* Begin PBXProject section */
		FB1EEEDC27AA864400D8C31D /* Project object */ = {
			isa = PBXProject;
			attributes = {
				BuildIndependentTargetsInParallel = 1;
				LastSwiftUpdateCheck = 1320;
				LastUpgradeCheck = 1320;
				TargetAttributes = {
					FB1EEEE327AA864400D8C31D = {
						CreatedOnToolsVersion = 13.2.1;
					};
					FB63197127ABBF6B005A670B = {
						CreatedOnToolsVersion = 13.2.1;
					};
				};
			};
			buildConfigurationList = FB1EEEDF27AA864400D8C31D /* Build configuration list for PBXProject "GitHubWidget" */;
			compatibilityVersion = "Xcode 13.0";
			developmentRegion = en;
			hasScannedForEncodings = 0;
			knownRegions = (
				en,
				Base,
			);
			mainGroup = FB1EEEDB27AA864400D8C31D;
			packageReferences = (
				FB63196127AB9F87005A670B /* XCRemoteSwiftPackageReference "SwiftSoup" */,
			);
			productRefGroup = FB1EEEE527AA864400D8C31D /* Products */;
			projectDirPath = "";
			projectRoot = "";
			targets = (
				FB1EEEE327AA864400D8C31D /* GitHubWidget */,
				FB63197127ABBF6B005A670B /* Checkin WidgetExtension */,
			);
		};
/* End PBXProject section */

/* Begin PBXResourcesBuildPhase section */
		FB1EEEE227AA864400D8C31D /* Resources */ = {
			isa = PBXResourcesBuildPhase;
			buildActionMask = 2147483647;
			files = (
				FB1EEEEF27AA864600D8C31D /* Preview Assets.xcassets in Resources */,
				FB1EEEEC27AA864600D8C31D /* Assets.xcassets in Resources */,
			);
			runOnlyForDeploymentPostprocessing = 0;
		};
		FB63197027ABBF6B005A670B /* Resources */ = {
			isa = PBXResourcesBuildPhase;
			buildActionMask = 2147483647;
			files = (
				FB63197D27ABBF6B005A670B /* Assets.xcassets in Resources */,
			);
			runOnlyForDeploymentPostprocessing = 0;
		};
/* End PBXResourcesBuildPhase section */

/* Begin PBXSourcesBuildPhase section */
		FB1EEEE027AA864400D8C31D /* Sources */ = {
			isa = PBXSourcesBuildPhase;
			buildActionMask = 2147483647;
			files = (
				FB1EEEEA27AA864400D8C31D /* ContentView.swift in Sources */,
				FB63196D27ABA502005A670B /* GitHubParser.swift in Sources */,
				FB63198027ABBF6B005A670B /* Checkin_Widget.intentdefinition in Sources */,
				FB1EEEE827AA864400D8C31D /* DailyCheckinApp.swift in Sources */,
				FB63196527AB9FB7005A670B /* DevelopmentDay.swift in Sources */,
				FB63196727ABA010005A670B /* ContributionGraphView.swift in Sources */,
				FB63196B27ABA4A9005A670B /* DateService.swift in Sources */,
			);
			runOnlyForDeploymentPostprocessing = 0;
		};
		FB63196E27ABBF6B005A670B /* Sources */ = {
			isa = PBXSourcesBuildPhase;
			buildActionMask = 2147483647;
			files = (
				FB63198A27ABBFC1005A670B /* DevelopmentDay.swift in Sources */,
				FB63197F27ABBF6B005A670B /* Checkin_Widget.intentdefinition in Sources */,
				FB63198827ABBFB5005A670B /* GitHubParser.swift in Sources */,
				FB63198B27ABBFCB005A670B /* ContributionGraphView.swift in Sources */,
				FB63197A27ABBF6B005A670B /* Checkin_Widget.swift in Sources */,
				FB63198927ABBFBD005A670B /* DateService.swift in Sources */,
			);
			runOnlyForDeploymentPostprocessing = 0;
		};
/* End PBXSourcesBuildPhase section */

/* Begin PBXTargetDependency section */
		FB63198227ABBF6B005A670B /* PBXTargetDependency */ = {
			isa = PBXTargetDependency;
			target = FB63197127ABBF6B005A670B /* Checkin WidgetExtension */;
			targetProxy = FB63198127ABBF6B005A670B /* PBXContainerItemProxy */;
		};
/* End PBXTargetDependency section */

/* Begin XCBuildConfiguration section */
		FB1EEEF027AA864600D8C31D /* Debug */ = {
			isa = XCBuildConfiguration;
			buildSettings = {
				ALWAYS_SEARCH_USER_PATHS = NO;
				CLANG_ANALYZER_NONNULL = YES;
				CLANG_ANALYZER_NUMBER_OBJECT_CONVERSION = YES_AGGRESSIVE;
				CLANG_CXX_LANGUAGE_STANDARD = "gnu++17";
				CLANG_CXX_LIBRARY = "libc++";
				CLANG_ENABLE_MODULES = YES;
				CLANG_ENABLE_OBJC_ARC = YES;
				CLANG_ENABLE_OBJC_WEAK = YES;
				CLANG_WARN_BLOCK_CAPTURE_AUTORELEASING = YES;
				CLANG_WARN_BOOL_CONVERSION = YES;
				CLANG_WARN_COMMA = YES;
				CLANG_WARN_CONSTANT_CONVERSION = YES;
				CLANG_WARN_DEPRECATED_OBJC_IMPLEMENTATIONS = YES;
				CLANG_WARN_DIRECT_OBJC_ISA_USAGE = YES_ERROR;
				CLANG_WARN_DOCUMENTATION_COMMENTS = YES;
				CLANG_WARN_EMPTY_BODY = YES;
				CLANG_WARN_ENUM_CONVERSION = YES;
				CLANG_WARN_INFINITE_RECURSION = YES;
				CLANG_WARN_INT_CONVERSION = YES;
				CLANG_WARN_NON_LITERAL_NULL_CONVERSION = YES;
				CLANG_WARN_OBJC_IMPLICIT_RETAIN_SELF = YES;
				CLANG_WARN_OBJC_LITERAL_CONVERSION = YES;
				CLANG_WARN_OBJC_ROOT_CLASS = YES_ERROR;
				CLANG_WARN_QUOTED_INCLUDE_IN_FRAMEWORK_HEADER = YES;
				CLANG_WARN_RANGE_LOOP_ANALYSIS = YES;
				CLANG_WARN_STRICT_PROTOTYPES = YES;
				CLANG_WARN_SUSPICIOUS_MOVE = YES;
				CLANG_WARN_UNGUARDED_AVAILABILITY = YES_AGGRESSIVE;
				CLANG_WARN_UNREACHABLE_CODE = YES;
				CLANG_WARN__DUPLICATE_METHOD_MATCH = YES;
				COPY_PHASE_STRIP = NO;
				DEBUG_INFORMATION_FORMAT = dwarf;
				ENABLE_STRICT_OBJC_MSGSEND = YES;
				ENABLE_TESTABILITY = YES;
				GCC_C_LANGUAGE_STANDARD = gnu11;
				GCC_DYNAMIC_NO_PIC = NO;
				GCC_NO_COMMON_BLOCKS = YES;
				GCC_OPTIMIZATION_LEVEL = 0;
				GCC_PREPROCESSOR_DEFINITIONS = (
					"DEBUG=1",
					"$(inherited)",
				);
				GCC_WARN_64_TO_32_BIT_CONVERSION = YES;
				GCC_WARN_ABOUT_RETURN_TYPE = YES_ERROR;
				GCC_WARN_UNDECLARED_SELECTOR = YES;
				GCC_WARN_UNINITIALIZED_AUTOS = YES_AGGRESSIVE;
				GCC_WARN_UNUSED_FUNCTION = YES;
				GCC_WARN_UNUSED_VARIABLE = YES;
				IPHONEOS_DEPLOYMENT_TARGET = 15.2;
				MTL_ENABLE_DEBUG_INFO = INCLUDE_SOURCE;
				MTL_FAST_MATH = YES;
				ONLY_ACTIVE_ARCH = YES;
				SDKROOT = iphoneos;
				SWIFT_ACTIVE_COMPILATION_CONDITIONS = DEBUG;
				SWIFT_OPTIMIZATION_LEVEL = "-Onone";
			};
			name = Debug;
		};
		FB1EEEF127AA864600D8C31D /* Release */ = {
			isa = XCBuildConfiguration;
			buildSettings = {
				ALWAYS_SEARCH_USER_PATHS = NO;
				CLANG_ANALYZER_NONNULL = YES;
				CLANG_ANALYZER_NUMBER_OBJECT_CONVERSION = YES_AGGRESSIVE;
				CLANG_CXX_LANGUAGE_STANDARD = "gnu++17";
				CLANG_CXX_LIBRARY = "libc++";
				CLANG_ENABLE_MODULES = YES;
				CLANG_ENABLE_OBJC_ARC = YES;
				CLANG_ENABLE_OBJC_WEAK = YES;
				CLANG_WARN_BLOCK_CAPTURE_AUTORELEASING = YES;
				CLANG_WARN_BOOL_CONVERSION = YES;
				CLANG_WARN_COMMA = YES;
				CLANG_WARN_CONSTANT_CONVERSION = YES;
				CLANG_WARN_DEPRECATED_OBJC_IMPLEMENTATIONS = YES;
				CLANG_WARN_DIRECT_OBJC_ISA_USAGE = YES_ERROR;
				CLANG_WARN_DOCUMENTATION_COMMENTS = YES;
				CLANG_WARN_EMPTY_BODY = YES;
				CLANG_WARN_ENUM_CONVERSION = YES;
				CLANG_WARN_INFINITE_RECURSION = YES;
				CLANG_WARN_INT_CONVERSION = YES;
				CLANG_WARN_NON_LITERAL_NULL_CONVERSION = YES;
				CLANG_WARN_OBJC_IMPLICIT_RETAIN_SELF = YES;
				CLANG_WARN_OBJC_LITERAL_CONVERSION = YES;
				CLANG_WARN_OBJC_ROOT_CLASS = YES_ERROR;
				CLANG_WARN_QUOTED_INCLUDE_IN_FRAMEWORK_HEADER = YES;
				CLANG_WARN_RANGE_LOOP_ANALYSIS = YES;
				CLANG_WARN_STRICT_PROTOTYPES = YES;
				CLANG_WARN_SUSPICIOUS_MOVE = YES;
				CLANG_WARN_UNGUARDED_AVAILABILITY = YES_AGGRESSIVE;
				CLANG_WARN_UNREACHABLE_CODE = YES;
				CLANG_WARN__DUPLICATE_METHOD_MATCH = YES;
				COPY_PHASE_STRIP = NO;
				DEBUG_INFORMATION_FORMAT = "dwarf-with-dsym";
				ENABLE_NS_ASSERTIONS = NO;
				ENABLE_STRICT_OBJC_MSGSEND = YES;
				GCC_C_LANGUAGE_STANDARD = gnu11;
				GCC_NO_COMMON_BLOCKS = YES;
				GCC_WARN_64_TO_32_BIT_CONVERSION = YES;
				GCC_WARN_ABOUT_RETURN_TYPE = YES_ERROR;
				GCC_WARN_UNDECLARED_SELECTOR = YES;
				GCC_WARN_UNINITIALIZED_AUTOS = YES_AGGRESSIVE;
				GCC_WARN_UNUSED_FUNCTION = YES;
				GCC_WARN_UNUSED_VARIABLE = YES;
				IPHONEOS_DEPLOYMENT_TARGET = 15.2;
				MTL_ENABLE_DEBUG_INFO = NO;
				MTL_FAST_MATH = YES;
				SDKROOT = iphoneos;
				SWIFT_COMPILATION_MODE = wholemodule;
				SWIFT_OPTIMIZATION_LEVEL = "-O";
				VALIDATE_PRODUCT = YES;
			};
			name = Release;
		};
		FB1EEEF327AA864600D8C31D /* Debug */ = {
			isa = XCBuildConfiguration;
			buildSettings = {
				ALWAYS_EMBED_SWIFT_STANDARD_LIBRARIES = YES;
				ASSETCATALOG_COMPILER_APPICON_NAME = AppIcon;
				ASSETCATALOG_COMPILER_GLOBAL_ACCENT_COLOR_NAME = AccentColor;
				CODE_SIGN_STYLE = Automatic;
				CURRENT_PROJECT_VERSION = 1;
				DEVELOPMENT_ASSET_PATHS = "\"DailyCheckin/Preview Content\"";
				DEVELOPMENT_TEAM = LD578K3BS7;
				ENABLE_PREVIEWS = YES;
				GENERATE_INFOPLIST_FILE = YES;
				INFOPLIST_KEY_UIApplicationSceneManifest_Generation = YES;
				INFOPLIST_KEY_UIApplicationSupportsIndirectInputEvents = YES;
				INFOPLIST_KEY_UILaunchScreen_Generation = YES;
				INFOPLIST_KEY_UISupportedInterfaceOrientations_iPad = "UIInterfaceOrientationPortrait UIInterfaceOrientationPortraitUpsideDown UIInterfaceOrientationLandscapeLeft UIInterfaceOrientationLandscapeRight";
				INFOPLIST_KEY_UISupportedInterfaceOrientations_iPhone = "UIInterfaceOrientationPortrait UIInterfaceOrientationLandscapeLeft UIInterfaceOrientationLandscapeRight";
				LD_RUNPATH_SEARCH_PATHS = (
					"$(inherited)",
					"@executable_path/Frameworks",
				);
				MARKETING_VERSION = 1.0;
				PRODUCT_BUNDLE_IDENTIFIER = ryofuj.DailyCheckin;
				PRODUCT_NAME = GitHubWidget;
				SWIFT_EMIT_LOC_STRINGS = YES;
				SWIFT_VERSION = 5.0;
				TARGETED_DEVICE_FAMILY = "1,2";
			};
			name = Debug;
		};
		FB1EEEF427AA864600D8C31D /* Release */ = {
			isa = XCBuildConfiguration;
			buildSettings = {
				ALWAYS_EMBED_SWIFT_STANDARD_LIBRARIES = YES;
				ASSETCATALOG_COMPILER_APPICON_NAME = AppIcon;
				ASSETCATALOG_COMPILER_GLOBAL_ACCENT_COLOR_NAME = AccentColor;
				CODE_SIGN_STYLE = Automatic;
				CURRENT_PROJECT_VERSION = 1;
				DEVELOPMENT_ASSET_PATHS = "\"DailyCheckin/Preview Content\"";
				DEVELOPMENT_TEAM = LD578K3BS7;
				ENABLE_PREVIEWS = YES;
				GENERATE_INFOPLIST_FILE = YES;
				INFOPLIST_KEY_UIApplicationSceneManifest_Generation = YES;
				INFOPLIST_KEY_UIApplicationSupportsIndirectInputEvents = YES;
				INFOPLIST_KEY_UILaunchScreen_Generation = YES;
				INFOPLIST_KEY_UISupportedInterfaceOrientations_iPad = "UIInterfaceOrientationPortrait UIInterfaceOrientationPortraitUpsideDown UIInterfaceOrientationLandscapeLeft UIInterfaceOrientationLandscapeRight";
				INFOPLIST_KEY_UISupportedInterfaceOrientations_iPhone = "UIInterfaceOrientationPortrait UIInterfaceOrientationLandscapeLeft UIInterfaceOrientationLandscapeRight";
				LD_RUNPATH_SEARCH_PATHS = (
					"$(inherited)",
					"@executable_path/Frameworks",
				);
				MARKETING_VERSION = 1.0;
				PRODUCT_BUNDLE_IDENTIFIER = ryofuj.DailyCheckin;
				PRODUCT_NAME = GitHubWidget;
				SWIFT_EMIT_LOC_STRINGS = YES;
				SWIFT_VERSION = 5.0;
				TARGETED_DEVICE_FAMILY = "1,2";
			};
			name = Release;
		};
		FB63198527ABBF6B005A670B /* Debug */ = {
			isa = XCBuildConfiguration;
			buildSettings = {
				ASSETCATALOG_COMPILER_GLOBAL_ACCENT_COLOR_NAME = AccentColor;
				ASSETCATALOG_COMPILER_WIDGET_BACKGROUND_COLOR_NAME = WidgetBackground;
				CODE_SIGN_STYLE = Automatic;
				CURRENT_PROJECT_VERSION = 1;
				DEVELOPMENT_TEAM = LD578K3BS7;
				GENERATE_INFOPLIST_FILE = YES;
				INFOPLIST_FILE = "Checkin Widget/Info.plist";
				INFOPLIST_KEY_CFBundleDisplayName = GitHubWidget;
				INFOPLIST_KEY_NSHumanReadableCopyright = "";
				LD_RUNPATH_SEARCH_PATHS = (
					"$(inherited)",
					"@executable_path/Frameworks",
					"@executable_path/../../Frameworks",
				);
				MARKETING_VERSION = 1.0;
				PRODUCT_BUNDLE_IDENTIFIER = "ryofuj.DailyCheckin.Checkin-Widget";
				PRODUCT_NAME = "$(TARGET_NAME)";
				SKIP_INSTALL = YES;
				SWIFT_EMIT_LOC_STRINGS = YES;
				SWIFT_VERSION = 5.0;
				TARGETED_DEVICE_FAMILY = "1,2";
			};
			name = Debug;
		};
		FB63198627ABBF6B005A670B /* Release */ = {
			isa = XCBuildConfiguration;
			buildSettings = {
				ASSETCATALOG_COMPILER_GLOBAL_ACCENT_COLOR_NAME = AccentColor;
				ASSETCATALOG_COMPILER_WIDGET_BACKGROUND_COLOR_NAME = WidgetBackground;
				CODE_SIGN_STYLE = Automatic;
				CURRENT_PROJECT_VERSION = 1;
				DEVELOPMENT_TEAM = LD578K3BS7;
				GENERATE_INFOPLIST_FILE = YES;
				INFOPLIST_FILE = "Checkin Widget/Info.plist";
				INFOPLIST_KEY_CFBundleDisplayName = GitHubWidget;
				INFOPLIST_KEY_NSHumanReadableCopyright = "";
				LD_RUNPATH_SEARCH_PATHS = (
					"$(inherited)",
					"@executable_path/Frameworks",
					"@executable_path/../../Frameworks",
				);
				MARKETING_VERSION = 1.0;
				PRODUCT_BUNDLE_IDENTIFIER = "ryofuj.DailyCheckin.Checkin-Widget";
				PRODUCT_NAME = "$(TARGET_NAME)";
				SKIP_INSTALL = YES;
				SWIFT_EMIT_LOC_STRINGS = YES;
				SWIFT_VERSION = 5.0;
				TARGETED_DEVICE_FAMILY = "1,2";
			};
			name = Release;
		};
/* End XCBuildConfiguration section */

/* Begin XCConfigurationList section */
		FB1EEEDF27AA864400D8C31D /* Build configuration list for PBXProject "GitHubWidget" */ = {
			isa = XCConfigurationList;
			buildConfigurations = (
				FB1EEEF027AA864600D8C31D /* Debug */,
				FB1EEEF127AA864600D8C31D /* Release */,
			);
			defaultConfigurationIsVisible = 0;
			defaultConfigurationName = Release;
		};
		FB1EEEF227AA864600D8C31D /* Build configuration list for PBXNativeTarget "GitHubWidget" */ = {
			isa = XCConfigurationList;
			buildConfigurations = (
				FB1EEEF327AA864600D8C31D /* Debug */,
				FB1EEEF427AA864600D8C31D /* Release */,
			);
			defaultConfigurationIsVisible = 0;
			defaultConfigurationName = Release;
		};
		FB63198427ABBF6B005A670B /* Build configuration list for PBXNativeTarget "Checkin WidgetExtension" */ = {
			isa = XCConfigurationList;
			buildConfigurations = (
				FB63198527ABBF6B005A670B /* Debug */,
				FB63198627ABBF6B005A670B /* Release */,
			);
			defaultConfigurationIsVisible = 0;
			defaultConfigurationName = Release;
		};
/* End XCConfigurationList section */

/* Begin XCRemoteSwiftPackageReference section */
		FB63196127AB9F87005A670B /* XCRemoteSwiftPackageReference "SwiftSoup" */ = {
			isa = XCRemoteSwiftPackageReference;
			repositoryURL = "https://github.com/scinfu/SwiftSoup.git";
			requirement = {
				kind = upToNextMajorVersion;
				minimumVersion = 2.0.0;
			};
		};
/* End XCRemoteSwiftPackageReference section */

/* Begin XCSwiftPackageProductDependency section */
		FB63196227AB9F87005A670B /* SwiftSoup */ = {
			isa = XCSwiftPackageProductDependency;
			package = FB63196127AB9F87005A670B /* XCRemoteSwiftPackageReference "SwiftSoup" */;
			productName = SwiftSoup;
		};
		FB63198C27ABC0D3005A670B /* SwiftSoup */ = {
			isa = XCSwiftPackageProductDependency;
			package = FB63196127AB9F87005A670B /* XCRemoteSwiftPackageReference "SwiftSoup" */;
			productName = SwiftSoup;
		};
/* End XCSwiftPackageProductDependency section */
	};
	rootObject = FB1EEEDC27AA864400D8C31D /* Project object */;
}
